
Microsoft Visual Studio Solution File, Format Version 12.00
# Visual Studio Version 17
VisualStudioVersion = 17.9.34723.18
MinimumVisualStudioVersion = 10.0.40219.1
Project("{FAE04EC0-301F-11D3-BF4B-00C04F79EFBC}") = "PracticoObjetos", "PracticoObjetos.csproj", "{8B50E2AC-51A6-4433-B12C-5CEE86F15438}"
EndProject
Global
	GlobalSection(SolutionConfigurationPlatforms) = preSolution
		Debug|Any CPU = Debug|Any CPU
		Release|Any CPU = Release|Any CPU
	EndGlobalSection
	GlobalSection(ProjectConfigurationPlatforms) = postSolution
		{8B50E2AC-51A6-4433-B12C-5CEE86F15438}.Debug|Any CPU.ActiveCfg = Debug|Any CPU
		{8B50E2AC-51A6-4433-B12C-5CEE86F15438}.Debug|Any CPU.Build.0 = Debug|Any CPU
		{8B50E2AC-51A6-4433-B12C-5CEE86F15438}.Release|Any CPU.ActiveCfg = Release|Any CPU
		{8B50E2AC-51A6-4433-B12C-5CEE86F15438}.Release|Any CPU.Build.0 = Release|Any CPU
	EndGlobalSection
	GlobalSection(SolutionProperties) = preSolution
		HideSolutionNode = FALSE
	EndGlobalSection
	GlobalSection(ExtensibilityGlobals) = postSolution
		SolutionGuid = {8C20FB0F-6CD5-465A-A040-D3BBB449D140}
	EndGlobalSection
EndGlobal
